
Microsoft Visual Studio Solution File, Format Version 12.00
# Visual Studio Version 17
VisualStudioVersion = 17.9.34607.119
MinimumVisualStudioVersion = 10.0.40219.1
Project("{FAE04EC0-301F-11D3-BF4B-00C04F79EFBC}") = "HammerSimAPI", "HammerSimAPI\HammerSimAPI.csproj", "{57B4BA5F-87D1-4431-9B31-72C88423859E}"
EndProject
Project("{9A19103F-16F7-4668-BE54-9A1E7A4F7556}") = "AddUnit", "AddUnit\AddUnit.csproj", "{668EEB00-088C-414A-864E-84C7D92FABA8}"
EndProject
Project("{2150E333-8FDC-42A3-9474-1A3956D46DE8}") = "AwsLamdas", "AwsLamdas", "{04200F69-9D82-4A09-9D86-0CB3944C24E9}"
EndProject
Global
	GlobalSection(SolutionConfigurationPlatforms) = preSolution
		Debug|Any CPU = Debug|Any CPU
		Release|Any CPU = Release|Any CPU
	EndGlobalSection
	GlobalSection(ProjectConfigurationPlatforms) = postSolution
		{57B4BA5F-87D1-4431-9B31-72C88423859E}.Debug|Any CPU.ActiveCfg = Debug|Any CPU
		{57B4BA5F-87D1-4431-9B31-72C88423859E}.Debug|Any CPU.Build.0 = Debug|Any CPU
		{57B4BA5F-87D1-4431-9B31-72C88423859E}.Release|Any CPU.ActiveCfg = Release|Any CPU
		{57B4BA5F-87D1-4431-9B31-72C88423859E}.Release|Any CPU.Build.0 = Release|Any CPU
		{668EEB00-088C-414A-864E-84C7D92FABA8}.Debug|Any CPU.ActiveCfg = Debug|Any CPU
		{668EEB00-088C-414A-864E-84C7D92FABA8}.Debug|Any CPU.Build.0 = Debug|Any CPU
		{668EEB00-088C-414A-864E-84C7D92FABA8}.Release|Any CPU.ActiveCfg = Release|Any CPU
		{668EEB00-088C-414A-864E-84C7D92FABA8}.Release|Any CPU.Build.0 = Release|Any CPU
	EndGlobalSection
	GlobalSection(SolutionProperties) = preSolution
		HideSolutionNode = FALSE
	EndGlobalSection
	GlobalSection(NestedProjects) = preSolution
		{668EEB00-088C-414A-864E-84C7D92FABA8} = {04200F69-9D82-4A09-9D86-0CB3944C24E9}
	EndGlobalSection
	GlobalSection(ExtensibilityGlobals) = postSolution
		SolutionGuid = {8AF8B81A-6309-44ED-B70A-FC08DC89AD2A}
	EndGlobalSection
EndGlobal
